{
  "nodes": {
    "darwin": {
      "inputs": {
        "flake-utils": [
          "flake-utils"
        ],
        "nixpkgs": [
          "nixpkgs"
        ]
      },
      "locked": {
        "lastModified": 1642446283,
        "narHash": "sha256-Yd6st/HFA+wtST4RXCqQb0IpuNtpTqMar4JT8SlrDWo=",
        "owner": "jsoo1",
        "repo": "nix-darwin",
        "rev": "fa64c45a25a2928f4ada66baa0fcc6cb57231070",
        "type": "github"
      },
      "original": {
        "owner": "jsoo1",
        "ref": "release",
        "repo": "nix-darwin",
        "type": "github"
      }
    },
    "deadnix": {
      "inputs": {
        "fenix": "fenix",
        "naersk": "naersk",
        "nixpkgs": [
          "nixpkgs"
        ],
        "utils": [
          "flake-utils"
        ]
      },
      "locked": {
        "lastModified": 1665624537,
        "narHash": "sha256-FFnqLG+7sHodee1UkMjHUO8iL5dbm/jhIpT4dq4lyMM=",
        "owner": "astro",
        "repo": "deadnix",
        "rev": "e351b88257405678502600bcabfed7fa502acff3",
        "type": "github"
      },
      "original": {
        "owner": "astro",
        "repo": "deadnix",
        "type": "github"
      }
    },
    "dotfiles": {
      "flake": false,
      "locked": {
        "lastModified": 1666080494,
        "narHash": "sha256-nHqAtgaIGQ0DvWW0uHQDMJ34GowfRs/JgBh9f7hs7q0=",
        "ref": "release",
        "rev": "f48f8649ed499c4685782887533fd7f68c3895cd",
        "revCount": 1658,
        "type": "git",
        "url": "https://git.sr.ht/~jsoo/dotfiles"
      },
      "original": {
        "ref": "release",
        "type": "git",
        "url": "https://git.sr.ht/~jsoo/dotfiles"
      }
    },
    "emacs": {
      "inputs": {
        "flake-utils": [
          "flake-utils"
        ],
        "nixpkgs": [
          "nixpkgs"
        ]
      },
      "locked": {
        "lastModified": 1659656641,
        "narHash": "sha256-luEIODMVtXnN1LOu2O4ndCSbnEKaWoOuu9IOz4ncfZE=",
        "owner": "jsoo1",
        "repo": "emacs-overlay",
        "rev": "ad2ef25e8ad638d85476f6fce42b717dbf7a6fcb",
        "type": "github"
      },
      "original": {
        "owner": "jsoo1",
        "ref": "release",
        "repo": "emacs-overlay",
        "type": "github"
      }
    },
    "fenix": {
      "inputs": {
        "nixpkgs": "nixpkgs",
        "rust-analyzer-src": "rust-analyzer-src"
      },
      "locked": {
        "lastModified": 1665384826,
        "narHash": "sha256-TV0Dc/Gd+TPtJQhv30/aF01IJVHpWDc2zCmsH70+IDI=",
        "owner": "nix-community",
        "repo": "fenix",
        "rev": "40b9fa9acfa71caa304de9a2d07a937023b68143",
        "type": "github"
      },
      "original": {
        "owner": "nix-community",
        "repo": "fenix",
        "type": "github"
      }
    },
    "flake-compat": {
      "flake": false,
      "locked": {
        "lastModified": 1627913399,
        "narHash": "sha256-hY8g6H2KFL8ownSiFeMOjwPC8P0ueXpCVEbxgda3pko=",
        "owner": "edolstra",
        "repo": "flake-compat",
        "rev": "12c64ca55c1014cdc1b16ed5a804aa8576601ff2",
        "type": "github"
      },
      "original": {
        "owner": "edolstra",
        "repo": "flake-compat",
        "type": "github"
      }
    },
    "flake-utils": {
      "locked": {
        "lastModified": 1659877975,
        "narHash": "sha256-zllb8aq3YO3h8B/U0/J1WBgAL8EX5yWf5pMj3G0NAmc=",
        "owner": "numtide",
        "repo": "flake-utils",
        "rev": "c0e246b9b83f637f4681389ecabcb2681b4f3af0",
        "type": "github"
      },
      "original": {
        "owner": "numtide",
        "repo": "flake-utils",
        "type": "github"
      }
    },
    "home-manager": {
      "inputs": {
        "nixpkgs": [
          "nixpkgs"
        ],
        "utils": "utils"
      },
      "locked": {
        "lastModified": 1662767815,
        "narHash": "sha256-syQODWO4HIgC75KJVdDZQFRGvJKk+WEtto0JO3HI2pw=",
        "owner": "jsoo1",
        "repo": "home-manager",
        "rev": "c6166898c3749aface7fc1281c6aa8f9084e9fa5",
        "type": "github"
      },
      "original": {
        "owner": "jsoo1",
        "repo": "home-manager",
        "type": "github"
      }
    },
    "naersk": {
      "inputs": {
        "nixpkgs": "nixpkgs_2"
      },
      "locked": {
        "lastModified": 1662220400,
        "narHash": "sha256-9o2OGQqu4xyLZP9K6kNe1pTHnyPz0Wr3raGYnr9AIgY=",
        "owner": "nix-community",
        "repo": "naersk",
        "rev": "6944160c19cb591eb85bbf9b2f2768a935623ed3",
        "type": "github"
      },
      "original": {
        "owner": "nix-community",
        "repo": "naersk",
        "type": "github"
      }
    },
    "nixpkgs": {
      "locked": {
        "lastModified": 1665259268,
        "narHash": "sha256-ONFhHBLv5nZKhwV/F2GOH16197PbvpyWhoO0AOyktkU=",
        "owner": "nixos",
        "repo": "nixpkgs",
        "rev": "c5924154f000e6306030300592f4282949b2db6c",
        "type": "github"
      },
      "original": {
        "owner": "nixos",
        "ref": "nixos-unstable",
        "repo": "nixpkgs",
        "type": "github"
      }
    },
    "nixpkgs_2": {
      "locked": {
        "lastModified": 1665296151,
        "narHash": "sha256-uOB0oxqxN9K7XGF1hcnY+PQnlQJ+3bP2vCn/+Ru/bbc=",
        "owner": "NixOS",
        "repo": "nixpkgs",
        "rev": "14ccaaedd95a488dd7ae142757884d8e125b3363",
        "type": "github"
      },
      "original": {
        "id": "nixpkgs",
        "type": "indirect"
      }
    },
    "nixpkgs_3": {
      "locked": {
        "lastModified": 1660671103,
        "narHash": "sha256-tYq99/LDE357ZpX46K4nGm4NKqG2M0+wIjMxUXeFiTc=",
        "owner": "jsoo1",
        "repo": "nixpkgs",
        "rev": "5917e8b2b464b62ae9ca8ae71b30a0245bb9307c",
        "type": "github"
      },
      "original": {
        "owner": "jsoo1",
        "ref": "release",
        "repo": "nixpkgs",
        "type": "github"
      }
    },
    "root": {
      "inputs": {
        "darwin": "darwin",
        "deadnix": "deadnix",
        "dotfiles": "dotfiles",
        "emacs": "emacs",
        "flake-compat": "flake-compat",
        "flake-utils": "flake-utils",
        "home-manager": "home-manager",
        "nixpkgs": "nixpkgs_3"
      }
    },
    "rust-analyzer-src": {
      "flake": false,
      "locked": {
        "lastModified": 1665247575,
        "narHash": "sha256-Ssoxr1ggoPsvFBsCWNQTleYLOTqx6hFKFvktzGDC51A=",
        "owner": "rust-lang",
        "repo": "rust-analyzer",
        "rev": "61504c8d951c566eb03037dcb300c96f4bd9a8b6",
        "type": "github"
      },
      "original": {
        "owner": "rust-lang",
        "ref": "nightly",
        "repo": "rust-analyzer",
        "type": "github"
      }
    },
    "utils": {
      "locked": {
        "lastModified": 1653893745,
        "narHash": "sha256-0jntwV3Z8//YwuOjzhV2sgJJPt+HY6KhU7VZUL0fKZQ=",
        "owner": "numtide",
        "repo": "flake-utils",
        "rev": "1ed9fb1935d260de5fe1c2f7ee0ebaae17ed2fa1",
        "type": "github"
      },
      "original": {
        "owner": "numtide",
        "repo": "flake-utils",
        "type": "github"
      }
    }
  },
  "root": "root",
  "version": 7
}
