{
  "nodes": {
    "darwin": {
      "inputs": {
        "nixpkgs": [
          "nixpkgs"
        ]
      },
      "locked": {
        "lastModified": 1637594117,
        "narHash": "sha256-bNgVhmrXJPfMq9xiAomrwiIeu/otK7d2K2yS2mbUMrA=",
        "ref": "age",
        "rev": "68c422a355f45c328411ec2f23e80c951cd7be1f",
        "revCount": 1046,
        "type": "git",
        "url": "https://github.com/considerate/nix-darwin"
      },
      "original": {
        "ref": "age",
        "type": "git",
        "url": "https://github.com/considerate/nix-darwin"
      }
    },
    "dotfiles": {
      "locked": {
        "lastModified": 1637814914,
        "narHash": "sha256-KuRo9uKuH8cLooeABhFv+OMhFVxj1ApY8VKjDP10/+s=",
        "ref": "release",
        "rev": "d6715dd26efc232aceb3b909441bc9fc2c23671d",
        "revCount": 1460,
        "type": "git",
        "url": "https://git.sr.ht/~jsoo/dotfiles"
      },
      "original": {
        "ref": "release",
        "type": "git",
        "url": "https://git.sr.ht/~jsoo/dotfiles"
      }
    },
    "flake-utils": {
      "locked": {
        "lastModified": 1637014545,
        "narHash": "sha256-26IZAc5yzlD9FlDT54io1oqG/bBoyka+FJk5guaX4x4=",
        "owner": "numtide",
        "repo": "flake-utils",
        "rev": "bba5dcc8e0b20ab664967ad83d24d64cb64ec4f4",
        "type": "github"
      },
      "original": {
        "owner": "numtide",
        "repo": "flake-utils",
        "type": "github"
      }
    },
    "home-manager": {
      "inputs": {
        "nixpkgs": [
          "nixpkgs"
        ]
      },
      "locked": {
        "lastModified": 1616318638,
        "narHash": "sha256-E6ABXtzw6bHmrIirB1sJL6S2MEa3sfcvRLzRa92frCo=",
        "owner": "nix-community",
        "repo": "home-manager",
        "rev": "ddcd476603dfd3388b1dc8234fa9d550156a51f5",
        "type": "github"
      },
      "original": {
        "owner": "nix-community",
        "repo": "home-manager",
        "rev": "ddcd476603dfd3388b1dc8234fa9d550156a51f5",
        "type": "github"
      }
    },
    "nixpkgs": {
      "locked": {
        "lastModified": 1637632227,
        "narHash": "sha256-rdcjY8ZWwUhXTKdUKT/mqI6QbEwyYtDbRGTLB349Yww=",
        "owner": "NixOS",
        "repo": "nixpkgs",
        "rev": "67e5945d357ffa2d9bf7aa40fa59ddfd99513f12",
        "type": "github"
      },
      "original": {
        "owner": "NixOS",
        "repo": "nixpkgs",
        "rev": "67e5945d357ffa2d9bf7aa40fa59ddfd99513f12",
        "type": "github"
      }
    },
    "root": {
      "inputs": {
        "darwin": "darwin",
        "dotfiles": "dotfiles",
        "flake-utils": "flake-utils",
        "home-manager": "home-manager",
        "nixpkgs": "nixpkgs"
      }
    }
  },
  "root": "root",
  "version": 7
}
