{
  "nodes": {
    "darwin": {
      "inputs": {
        "flake-utils": [
          "flake-utils"
        ],
        "nixpkgs": [
          "nixpkgs"
        ]
      },
      "locked": {
        "lastModified": 1683148471,
        "narHash": "sha256-+C6vXQO6kWzAIiRsMRWYcRFuJPsGN/B9qUMkls5kdrc=",
        "owner": "jsoo1",
        "repo": "nix-darwin",
        "rev": "c3557ba7a7472013b48e91800325ce74804b15ae",
        "type": "github"
      },
      "original": {
        "owner": "jsoo1",
        "ref": "2023-05-03",
        "repo": "nix-darwin",
        "type": "github"
      }
    },
    "deadnix": {
      "inputs": {
        "fenix": "fenix",
        "naersk": "naersk",
        "nixpkgs": [
          "nixpkgs"
        ],
        "utils": [
          "flake-utils"
        ]
      },
      "locked": {
        "lastModified": 1665624537,
        "narHash": "sha256-FFnqLG+7sHodee1UkMjHUO8iL5dbm/jhIpT4dq4lyMM=",
        "owner": "astro",
        "repo": "deadnix",
        "rev": "e351b88257405678502600bcabfed7fa502acff3",
        "type": "github"
      },
      "original": {
        "owner": "astro",
        "repo": "deadnix",
        "type": "github"
      }
    },
    "dotfiles": {
      "flake": false,
      "locked": {
        "lastModified": 1691694991,
        "narHash": "sha256-CsB8U0x977Hu9K7ikytZqtKMGTM7+3TpSW/pSjsKmFg=",
        "ref": "release",
        "rev": "db89b30198fcc6393c1689014e22fe2602000e4e",
        "revCount": 1862,
        "type": "git",
        "url": "https://git.sr.ht/~jsoo/dotfiles"
      },
      "original": {
        "ref": "release",
        "type": "git",
        "url": "https://git.sr.ht/~jsoo/dotfiles"
      }
    },
    "emacs": {
      "inputs": {
        "flake-utils": [
          "flake-utils"
        ],
        "nixpkgs": [
          "nixpkgs"
        ]
      },
      "locked": {
        "lastModified": 1675185954,
        "narHash": "sha256-M7oiOS9eAPKGv771cd4mY3dR5UETyKRH3ygrhV7AC90=",
        "owner": "jsoo1",
        "repo": "emacs-overlay",
        "rev": "9b69a8df2c3ddbc1b4d8c9c71eedb6e7916be788",
        "type": "github"
      },
      "original": {
        "owner": "jsoo1",
        "ref": "2023-01-31",
        "repo": "emacs-overlay",
        "type": "github"
      }
    },
    "fenix": {
      "inputs": {
        "nixpkgs": "nixpkgs",
        "rust-analyzer-src": "rust-analyzer-src"
      },
      "locked": {
        "lastModified": 1665384826,
        "narHash": "sha256-TV0Dc/Gd+TPtJQhv30/aF01IJVHpWDc2zCmsH70+IDI=",
        "owner": "nix-community",
        "repo": "fenix",
        "rev": "40b9fa9acfa71caa304de9a2d07a937023b68143",
        "type": "github"
      },
      "original": {
        "owner": "nix-community",
        "repo": "fenix",
        "type": "github"
      }
    },
    "flake-compat": {
      "flake": false,
      "locked": {
        "lastModified": 1627913399,
        "narHash": "sha256-hY8g6H2KFL8ownSiFeMOjwPC8P0ueXpCVEbxgda3pko=",
        "owner": "edolstra",
        "repo": "flake-compat",
        "rev": "12c64ca55c1014cdc1b16ed5a804aa8576601ff2",
        "type": "github"
      },
      "original": {
        "owner": "edolstra",
        "repo": "flake-compat",
        "type": "github"
      }
    },
    "flake-utils": {
      "locked": {
        "lastModified": 1659877975,
        "narHash": "sha256-zllb8aq3YO3h8B/U0/J1WBgAL8EX5yWf5pMj3G0NAmc=",
        "owner": "numtide",
        "repo": "flake-utils",
        "rev": "c0e246b9b83f637f4681389ecabcb2681b4f3af0",
        "type": "github"
      },
      "original": {
        "owner": "numtide",
        "repo": "flake-utils",
        "type": "github"
      }
    },
    "home-manager": {
      "inputs": {
        "nixpkgs": [
          "nixpkgs"
        ]
      },
      "locked": {
        "lastModified": 1682977601,
        "narHash": "sha256-F1Va/Uiw2tVNn27FLqWyBkiqDyIm/eCamw9wA/GK8Fw=",
        "owner": "nix-community",
        "repo": "home-manager",
        "rev": "0e4c33d76006c9080d2f228ba1c2308e3e4d7be6",
        "type": "github"
      },
      "original": {
        "owner": "nix-community",
        "repo": "home-manager",
        "type": "github"
      }
    },
    "naersk": {
      "inputs": {
        "nixpkgs": "nixpkgs_2"
      },
      "locked": {
        "lastModified": 1662220400,
        "narHash": "sha256-9o2OGQqu4xyLZP9K6kNe1pTHnyPz0Wr3raGYnr9AIgY=",
        "owner": "nix-community",
        "repo": "naersk",
        "rev": "6944160c19cb591eb85bbf9b2f2768a935623ed3",
        "type": "github"
      },
      "original": {
        "owner": "nix-community",
        "repo": "naersk",
        "type": "github"
      }
    },
    "nil": {
      "inputs": {
        "flake-utils": [
          "flake-utils"
        ],
        "nixpkgs": [
          "nixpkgs"
        ],
        "rust-overlay": "rust-overlay"
      },
      "locked": {
        "lastModified": 1682962768,
        "narHash": "sha256-T6iBqa9+KsVbcjNivRWXi2kXP90S+NJLp2qVah7I1w8=",
        "owner": "oxalica",
        "repo": "nil",
        "rev": "e74b767a43d86a1997cf4df3c5d15ff3e769d6f2",
        "type": "github"
      },
      "original": {
        "owner": "oxalica",
        "repo": "nil",
        "type": "github"
      }
    },
    "nixpkgs": {
      "locked": {
        "lastModified": 1665259268,
        "narHash": "sha256-ONFhHBLv5nZKhwV/F2GOH16197PbvpyWhoO0AOyktkU=",
        "owner": "nixos",
        "repo": "nixpkgs",
        "rev": "c5924154f000e6306030300592f4282949b2db6c",
        "type": "github"
      },
      "original": {
        "owner": "nixos",
        "ref": "nixos-unstable",
        "repo": "nixpkgs",
        "type": "github"
      }
    },
    "nixpkgs_2": {
      "locked": {
        "lastModified": 1665296151,
        "narHash": "sha256-uOB0oxqxN9K7XGF1hcnY+PQnlQJ+3bP2vCn/+Ru/bbc=",
        "owner": "NixOS",
        "repo": "nixpkgs",
        "rev": "14ccaaedd95a488dd7ae142757884d8e125b3363",
        "type": "github"
      },
      "original": {
        "id": "nixpkgs",
        "type": "indirect"
      }
    },
    "nixpkgs_3": {
      "locked": {
        "lastModified": 1683134765,
        "narHash": "sha256-ZUlkzgQRa9W1Ra2Kdjlu7cToAwz5LIoEAKN8RX1caDg=",
        "owner": "jsoo1",
        "repo": "nixpkgs",
        "rev": "b305fc79c9c5a704126021af4640de7aac7c125d",
        "type": "github"
      },
      "original": {
        "owner": "jsoo1",
        "ref": "release-2023-05-03",
        "repo": "nixpkgs",
        "type": "github"
      }
    },
    "root": {
      "inputs": {
        "darwin": "darwin",
        "deadnix": "deadnix",
        "dotfiles": "dotfiles",
        "emacs": "emacs",
        "flake-compat": "flake-compat",
        "flake-utils": "flake-utils",
        "home-manager": "home-manager",
        "nil": "nil",
        "nixpkgs": "nixpkgs_3",
        "soclip": "soclip"
      }
    },
    "rust-analyzer-src": {
      "flake": false,
      "locked": {
        "lastModified": 1665247575,
        "narHash": "sha256-Ssoxr1ggoPsvFBsCWNQTleYLOTqx6hFKFvktzGDC51A=",
        "owner": "rust-lang",
        "repo": "rust-analyzer",
        "rev": "61504c8d951c566eb03037dcb300c96f4bd9a8b6",
        "type": "github"
      },
      "original": {
        "owner": "rust-lang",
        "ref": "nightly",
        "repo": "rust-analyzer",
        "type": "github"
      }
    },
    "rust-overlay": {
      "inputs": {
        "flake-utils": [
          "nil",
          "flake-utils"
        ],
        "nixpkgs": [
          "nil",
          "nixpkgs"
        ]
      },
      "locked": {
        "lastModified": 1682907601,
        "narHash": "sha256-FfUAYvRJ+6s9WWjXNPdRzuuvAeu2VHIXIbUkPJr4t14=",
        "owner": "oxalica",
        "repo": "rust-overlay",
        "rev": "5eaff055dd57128c53ae373dc96af944f5849daa",
        "type": "github"
      },
      "original": {
        "owner": "oxalica",
        "repo": "rust-overlay",
        "type": "github"
      }
    },
    "soclip": {
      "locked": {
        "lastModified": 1679510538,
        "narHash": "sha256-CeNaV4Hf2GJXe9oYICK9WJ220M98o2033fE/gSA0fAo=",
        "ref": "release",
        "rev": "2325e95f04b173aa393c298b8cb39207dede91d7",
        "revCount": 28,
        "type": "git",
        "url": "https://git.sr.ht/~jsoo/soclip"
      },
      "original": {
        "ref": "release",
        "type": "git",
        "url": "https://git.sr.ht/~jsoo/soclip"
      }
    }
  },
  "root": "root",
  "version": 7
}
